
Microsoft Visual Studio Solution File, Format Version 12.00
# Visual Studio Version 16
VisualStudioVersion = 16.0.31112.23
MinimumVisualStudioVersion = 10.0.40219.1
Project("{FAE04EC0-301F-11D3-BF4B-00C04F79EFBC}") = "MovContainer", "MovContainer\MovContainer.csproj", "{7FCC35F8-426D-4C51-B15F-4D046B10A375}"
EndProject
Global
	GlobalSection(SolutionConfigurationPlatforms) = preSolution
		Debug|Any CPU = Debug|Any CPU
		Release|Any CPU = Release|Any CPU
	EndGlobalSection
	GlobalSection(ProjectConfigurationPlatforms) = postSolution
		{7FCC35F8-426D-4C51-B15F-4D046B10A375}.Debug|Any CPU.ActiveCfg = Debug|Any CPU
		{7FCC35F8-426D-4C51-B15F-4D046B10A375}.Debug|Any CPU.Build.0 = Debug|Any CPU
		{7FCC35F8-426D-4C51-B15F-4D046B10A375}.Release|Any CPU.ActiveCfg = Release|Any CPU
		{7FCC35F8-426D-4C51-B15F-4D046B10A375}.Release|Any CPU.Build.0 = Release|Any CPU
	EndGlobalSection
	GlobalSection(SolutionProperties) = preSolution
		HideSolutionNode = FALSE
	EndGlobalSection
	GlobalSection(ExtensibilityGlobals) = postSolution
		SolutionGuid = {0AC4C4D2-0794-4D2C-8128-82379A036A00}
	EndGlobalSection
EndGlobal
